
Microsoft Visual Studio Solution File, Format Version 12.00
# Visual Studio 2013
VisualStudioVersion = 12.0.40629.0
MinimumVisualStudioVersion = 10.0.40219.1
Project("{FAE04EC0-301F-11D3-BF4B-00C04F79EFBC}") = "WebService_Azure", "WebService_Azure\WebService_Azure.csproj", "{38FEE4A8-3168-4977-A1AC-A49372DD70AB}"
EndProject
Global
	GlobalSection(SolutionConfigurationPlatforms) = preSolution
		Debug|Any CPU = Debug|Any CPU
		Release|Any CPU = Release|Any CPU
	EndGlobalSection
	GlobalSection(ProjectConfigurationPlatforms) = postSolution
		{38FEE4A8-3168-4977-A1AC-A49372DD70AB}.Debug|Any CPU.ActiveCfg = Debug|Any CPU
		{38FEE4A8-3168-4977-A1AC-A49372DD70AB}.Debug|Any CPU.Build.0 = Debug|Any CPU
		{38FEE4A8-3168-4977-A1AC-A49372DD70AB}.Release|Any CPU.ActiveCfg = Release|Any CPU
		{38FEE4A8-3168-4977-A1AC-A49372DD70AB}.Release|Any CPU.Build.0 = Release|Any CPU
	EndGlobalSection
	GlobalSection(SolutionProperties) = preSolution
		HideSolutionNode = FALSE
	EndGlobalSection
EndGlobal
